
Microsoft Visual Studio Solution File, Format Version 12.00
# Visual Studio Version 17
VisualStudioVersion = 17.6.33723.286
MinimumVisualStudioVersion = 10.0.40219.1
Project("{9A19103F-16F7-4668-BE54-9A1E7A4F7556}") = "Project.web", "YYvExitTest\Project.web.csproj", "{3F95A53B-F7AB-4A6F-98A9-0816505505DE}"
EndProject
Project("{2150E333-8FDC-42A3-9474-1A3956D46DE8}") = "Buisness Layer", "Buisness Layer", "{D4F668B5-0195-4E20-BD15-0BC8264FADF0}"
EndProject
Project("{9A19103F-16F7-4668-BE54-9A1E7A4F7556}") = "Project.Buisness", "YyvExitTest.Buisness\Project.Buisness.csproj", "{33A6D07D-55D6-4C44-BE5C-E57662E0B5DA}"
EndProject
Global
	GlobalSection(SolutionConfigurationPlatforms) = preSolution
		Debug|Any CPU = Debug|Any CPU
		Release|Any CPU = Release|Any CPU
	EndGlobalSection
	GlobalSection(ProjectConfigurationPlatforms) = postSolution
		{3F95A53B-F7AB-4A6F-98A9-0816505505DE}.Debug|Any CPU.ActiveCfg = Debug|Any CPU
		{3F95A53B-F7AB-4A6F-98A9-0816505505DE}.Debug|Any CPU.Build.0 = Debug|Any CPU
		{3F95A53B-F7AB-4A6F-98A9-0816505505DE}.Release|Any CPU.ActiveCfg = Release|Any CPU
		{3F95A53B-F7AB-4A6F-98A9-0816505505DE}.Release|Any CPU.Build.0 = Release|Any CPU
		{33A6D07D-55D6-4C44-BE5C-E57662E0B5DA}.Debug|Any CPU.ActiveCfg = Debug|Any CPU
		{33A6D07D-55D6-4C44-BE5C-E57662E0B5DA}.Debug|Any CPU.Build.0 = Debug|Any CPU
		{33A6D07D-55D6-4C44-BE5C-E57662E0B5DA}.Release|Any CPU.ActiveCfg = Release|Any CPU
		{33A6D07D-55D6-4C44-BE5C-E57662E0B5DA}.Release|Any CPU.Build.0 = Release|Any CPU
	EndGlobalSection
	GlobalSection(SolutionProperties) = preSolution
		HideSolutionNode = FALSE
	EndGlobalSection
	GlobalSection(NestedProjects) = preSolution
		{33A6D07D-55D6-4C44-BE5C-E57662E0B5DA} = {D4F668B5-0195-4E20-BD15-0BC8264FADF0}
	EndGlobalSection
	GlobalSection(ExtensibilityGlobals) = postSolution
		SolutionGuid = {0E387A47-60F4-40F1-8B97-BEBE70703D49}
	EndGlobalSection
EndGlobal
